
Microsoft Visual Studio Solution File, Format Version 12.00
# Visual Studio Version 16
VisualStudioVersion = 16.0.30225.117
MinimumVisualStudioVersion = 10.0.40219.1
Project("{FAE04EC0-301F-11D3-BF4B-00C04F79EFBC}") = "TracerLibrary", "TracerLibrary\TracerLibrary.csproj", "{379FB573-476A-4543-A49D-3F49843383EA}"
EndProject
Project("{FAE04EC0-301F-11D3-BF4B-00C04F79EFBC}") = "TracerExample", "TracerExample\TracerExample.csproj", "{DAC71D15-4415-48DC-B74B-61945B7734DD}"
EndProject
Project("{FAE04EC0-301F-11D3-BF4B-00C04F79EFBC}") = "TracerUnitTest", "TracerUnitTest\TracerUnitTest.csproj", "{B9292844-9A6E-417B-AFE6-365173E3C85D}"
EndProject
Global
	GlobalSection(SolutionConfigurationPlatforms) = preSolution
		Debug|Any CPU = Debug|Any CPU
		Release|Any CPU = Release|Any CPU
	EndGlobalSection
	GlobalSection(ProjectConfigurationPlatforms) = postSolution
		{379FB573-476A-4543-A49D-3F49843383EA}.Debug|Any CPU.ActiveCfg = Debug|Any CPU
		{379FB573-476A-4543-A49D-3F49843383EA}.Debug|Any CPU.Build.0 = Debug|Any CPU
		{379FB573-476A-4543-A49D-3F49843383EA}.Release|Any CPU.ActiveCfg = Release|Any CPU
		{379FB573-476A-4543-A49D-3F49843383EA}.Release|Any CPU.Build.0 = Release|Any CPU
		{DAC71D15-4415-48DC-B74B-61945B7734DD}.Debug|Any CPU.ActiveCfg = Debug|Any CPU
		{DAC71D15-4415-48DC-B74B-61945B7734DD}.Debug|Any CPU.Build.0 = Debug|Any CPU
		{DAC71D15-4415-48DC-B74B-61945B7734DD}.Release|Any CPU.ActiveCfg = Release|Any CPU
		{DAC71D15-4415-48DC-B74B-61945B7734DD}.Release|Any CPU.Build.0 = Release|Any CPU
		{B9292844-9A6E-417B-AFE6-365173E3C85D}.Debug|Any CPU.ActiveCfg = Debug|Any CPU
		{B9292844-9A6E-417B-AFE6-365173E3C85D}.Debug|Any CPU.Build.0 = Debug|Any CPU
		{B9292844-9A6E-417B-AFE6-365173E3C85D}.Release|Any CPU.ActiveCfg = Release|Any CPU
		{B9292844-9A6E-417B-AFE6-365173E3C85D}.Release|Any CPU.Build.0 = Release|Any CPU
	EndGlobalSection
	GlobalSection(SolutionProperties) = preSolution
		HideSolutionNode = FALSE
	EndGlobalSection
	GlobalSection(ExtensibilityGlobals) = postSolution
		SolutionGuid = {D9D8E0F2-E9CD-4592-BB76-F77908B2B38A}
	EndGlobalSection
EndGlobal
